
Microsoft Visual Studio Solution File, Format Version 12.00
# Visual Studio Version 17
VisualStudioVersion = 17.0.32014.148
MinimumVisualStudioVersion = 10.0.40219.1
Project("{9A19103F-16F7-4668-BE54-9A1E7A4F7556}") = "UnityPatcher", "UnityPatcher.csproj", "{B50AF541-690C-433B-B36E-B27571F9E9AD}"
EndProject
Global
	GlobalSection(SolutionConfigurationPlatforms) = preSolution
		Debug|Any CPU = Debug|Any CPU
		Release|Any CPU = Release|Any CPU
	EndGlobalSection
	GlobalSection(ProjectConfigurationPlatforms) = postSolution
		{B50AF541-690C-433B-B36E-B27571F9E9AD}.Debug|Any CPU.ActiveCfg = Debug|Any CPU
		{B50AF541-690C-433B-B36E-B27571F9E9AD}.Debug|Any CPU.Build.0 = Debug|Any CPU
		{B50AF541-690C-433B-B36E-B27571F9E9AD}.Release|Any CPU.ActiveCfg = Release|Any CPU
		{B50AF541-690C-433B-B36E-B27571F9E9AD}.Release|Any CPU.Build.0 = Release|Any CPU
	EndGlobalSection
	GlobalSection(SolutionProperties) = preSolution
		HideSolutionNode = FALSE
	EndGlobalSection
	GlobalSection(ExtensibilityGlobals) = postSolution
		SolutionGuid = {A43ED018-9AC6-4D8F-8D50-59B87C78516C}
	EndGlobalSection
EndGlobal
